// !$*UTF8*$!
{
	archiveVersion = 1;
	classes = {
	};
	objectVersion = 50;
	objects = {

/* Begin PBXBuildFile section */
		1025E9F62617A516000F628E /* AppDelegate.swift in Sources */ = {isa = PBXBuildFile; fileRef = 1025E9F52617A516000F628E /* AppDelegate.swift */; };
		1025E9F82617A516000F628E /* SceneDelegate.swift in Sources */ = {isa = PBXBuildFile; fileRef = 1025E9F72617A516000F628E /* SceneDelegate.swift */; };
		1025E9FA2617A516000F628E /* ViewController.swift in Sources */ = {isa = PBXBuildFile; fileRef = 1025E9F92617A516000F628E /* ViewController.swift */; };
		1025E9FD2617A516000F628E /* Main.storyboard in Resources */ = {isa = PBXBuildFile; fileRef = 1025E9FB2617A516000F628E /* Main.storyboard */; };
		1025E9FF2617A517000F628E /* Assets.xcassets in Resources */ = {isa = PBXBuildFile; fileRef = 1025E9FE2617A517000F628E /* Assets.xcassets */; };
		1025EA022617A517000F628E /* LaunchScreen.storyboard in Resources */ = {isa = PBXBuildFile; fileRef = 1025EA002617A517000F628E /* LaunchScreen.storyboard */; };
		1025EA0D2617A517000F628E /* QgeneratorTests.swift in Sources */ = {isa = PBXBuildFile; fileRef = 1025EA0C2617A517000F628E /* QgeneratorTests.swift */; };
		1025EA182617A517000F628E /* QgeneratorUITests.swift in Sources */ = {isa = PBXBuildFile; fileRef = 1025EA172617A517000F628E /* QgeneratorUITests.swift */; };
/* End PBXBuildFile section */

/* Begin PBXContainerItemProxy section */
		1025EA092617A517000F628E /* PBXContainerItemProxy */ = {
			isa = PBXContainerItemProxy;
			containerPortal = 1025E9EA2617A516000F628E /* Project object */;
			proxyType = 1;
			remoteGlobalIDString = 1025E9F12617A516000F628E;
			remoteInfo = Qgenerator;
		};
		1025EA142617A517000F628E /* PBXContainerItemProxy */ = {
			isa = PBXContainerItemProxy;
			containerPortal = 1025E9EA2617A516000F628E /* Project object */;
			proxyType = 1;
			remoteGlobalIDString = 1025E9F12617A516000F628E;
			remoteInfo = Qgenerator;
		};
/* End PBXContainerItemProxy section */

/* Begin PBXFileReference section */
		1025E9F22617A516000F628E /* Qgenerator.app */ = {isa = PBXFileReference; explicitFileType = wrapper.application; includeInIndex = 0; path = Qgenerator.app; sourceTree = BUILT_PRODUCTS_DIR; };
		1025E9F52617A516000F628E /* AppDelegate.swift */ = {isa = PBXFileReference; lastKnownFileType = sourcecode.swift; path = AppDelegate.swift; sourceTree = "<group>"; };
		1025E9F72617A516000F628E /* SceneDelegate.swift */ = {isa = PBXFileReference; lastKnownFileType = sourcecode.swift; path = SceneDelegate.swift; sourceTree = "<group>"; };
		1025E9F92617A516000F628E /* ViewController.swift */ = {isa = PBXFileReference; lastKnownFileType = sourcecode.swift; path = ViewController.swift; sourceTree = "<group>"; };
		1025E9FC2617A516000F628E /* Base */ = {isa = PBXFileReference; lastKnownFileType = file.storyboard; name = Base; path = Base.lproj/Main.storyboard; sourceTree = "<group>"; };
		1025E9FE2617A517000F628E /* Assets.xcassets */ = {isa = PBXFileReference; lastKnownFileType = folder.assetcatalog; path = Assets.xcassets; sourceTree = "<group>"; };
		1025EA012617A517000F628E /* Base */ = {isa = PBXFileReference; lastKnownFileType = file.storyboard; name = Base; path = Base.lproj/LaunchScreen.storyboard; sourceTree = "<group>"; };
		1025EA032617A517000F628E /* Info.plist */ = {isa = PBXFileReference; lastKnownFileType = text.plist.xml; path = Info.plist; sourceTree = "<group>"; };
		1025EA082617A517000F628E /* QgeneratorTests.xctest */ = {isa = PBXFileReference; explicitFileType = wrapper.cfbundle; includeInIndex = 0; path = QgeneratorTests.xctest; sourceTree = BUILT_PRODUCTS_DIR; };
		1025EA0C2617A517000F628E /* QgeneratorTests.swift */ = {isa = PBXFileReference; lastKnownFileType = sourcecode.swift; path = QgeneratorTests.swift; sourceTree = "<group>"; };
		1025EA0E2617A517000F628E /* Info.plist */ = {isa = PBXFileReference; lastKnownFileType = text.plist.xml; path = Info.plist; sourceTree = "<group>"; };
		1025EA132617A517000F628E /* QgeneratorUITests.xctest */ = {isa = PBXFileReference; explicitFileType = wrapper.cfbundle; includeInIndex = 0; path = QgeneratorUITests.xctest; sourceTree = BUILT_PRODUCTS_DIR; };
		1025EA172617A517000F628E /* QgeneratorUITests.swift */ = {isa = PBXFileReference; lastKnownFileType = sourcecode.swift; path = QgeneratorUITests.swift; sourceTree = "<group>"; };
		1025EA192617A517000F628E /* Info.plist */ = {isa = PBXFileReference; lastKnownFileType = text.plist.xml; path = Info.plist; sourceTree = "<group>"; };
/* End PBXFileReference section */

/* Begin PBXFrameworksBuildPhase section */
		1025E9EF2617A516000F628E /* Frameworks */ = {
			isa = PBXFrameworksBuildPhase;
			buildActionMask = 2147483647;
			files = (
			);
			runOnlyForDeploymentPostprocessing = 0;
		};
		1025EA052617A517000F628E /* Frameworks */ = {
			isa = PBXFrameworksBuildPhase;
			buildActionMask = 2147483647;
			files = (
			);
			runOnlyForDeploymentPostprocessing = 0;
		};
		1025EA102617A517000F628E /* Frameworks */ = {
			isa = PBXFrameworksBuildPhase;
			buildActionMask = 2147483647;
			files = (
			);
			runOnlyForDeploymentPostprocessing = 0;
		};
/* End PBXFrameworksBuildPhase section */

/* Begin PBXGroup section */
		1025E9E92617A516000F628E = {
			isa = PBXGroup;
			children = (
				1025E9F42617A516000F628E /* Qgenerator */,
				1025EA0B2617A517000F628E /* QgeneratorTests */,
				1025EA162617A517000F628E /* QgeneratorUITests */,
				1025E9F32617A516000F628E /* Products */,
			);
			sourceTree = "<group>";
		};
		1025E9F32617A516000F628E /* Products */ = {
			isa = PBXGroup;
			children = (
				1025E9F22617A516000F628E /* Qgenerator.app */,
				1025EA082617A517000F628E /* QgeneratorTests.xctest */,
				1025EA132617A517000F628E /* QgeneratorUITests.xctest */,
			);
			name = Products;
			sourceTree = "<group>";
		};
		1025E9F42617A516000F628E /* Qgenerator */ = {
			isa = PBXGroup;
			children = (
				1025E9F52617A516000F628E /* AppDelegate.swift */,
				1025E9F72617A516000F628E /* SceneDelegate.swift */,
				1025E9F92617A516000F628E /* ViewController.swift */,
				1025E9FB2617A516000F628E /* Main.storyboard */,
				1025E9FE2617A517000F628E /* Assets.xcassets */,
				1025EA002617A517000F628E /* LaunchScreen.storyboard */,
				1025EA032617A517000F628E /* Info.plist */,
			);
			path = Qgenerator;
			sourceTree = "<group>";
		};
		1025EA0B2617A517000F628E /* QgeneratorTests */ = {
			isa = PBXGroup;
			children = (
				1025EA0C2617A517000F628E /* QgeneratorTests.swift */,
				1025EA0E2617A517000F628E /* Info.plist */,
			);
			path = QgeneratorTests;
			sourceTree = "<group>";
		};
		1025EA162617A517000F628E /* QgeneratorUITests */ = {
			isa = PBXGroup;
			children = (
				1025EA172617A517000F628E /* QgeneratorUITests.swift */,
				1025EA192617A517000F628E /* Info.plist */,
			);
			path = QgeneratorUITests;
			sourceTree = "<group>";
		};
/* End PBXGroup section */

/* Begin PBXNativeTarget section */
		1025E9F12617A516000F628E /* Qgenerator */ = {
			isa = PBXNativeTarget;
			buildConfigurationList = 1025EA1C2617A517000F628E /* Build configuration list for PBXNativeTarget "Qgenerator" */;
			buildPhases = (
				1025E9EE2617A516000F628E /* Sources */,
				1025E9EF2617A516000F628E /* Frameworks */,
				1025E9F02617A516000F628E /* Resources */,
			);
			buildRules = (
			);
			dependencies = (
			);
			name = Qgenerator;
			productName = Qgenerator;
			productReference = 1025E9F22617A516000F628E /* Qgenerator.app */;
			productType = "com.apple.product-type.application";
		};
		1025EA072617A517000F628E /* QgeneratorTests */ = {
			isa = PBXNativeTarget;
			buildConfigurationList = 1025EA1F2617A517000F628E /* Build configuration list for PBXNativeTarget "QgeneratorTests" */;
			buildPhases = (
				1025EA042617A517000F628E /* Sources */,
				1025EA052617A517000F628E /* Frameworks */,
				1025EA062617A517000F628E /* Resources */,
			);
			buildRules = (
			);
			dependencies = (
				1025EA0A2617A517000F628E /* PBXTargetDependency */,
			);
			name = QgeneratorTests;
			productName = QgeneratorTests;
			productReference = 1025EA082617A517000F628E /* QgeneratorTests.xctest */;
			productType = "com.apple.product-type.bundle.unit-test";
		};
		1025EA122617A517000F628E /* QgeneratorUITests */ = {
			isa = PBXNativeTarget;
			buildConfigurationList = 1025EA222617A517000F628E /* Build configuration list for PBXNativeTarget "QgeneratorUITests" */;
			buildPhases = (
				1025EA0F2617A517000F628E /* Sources */,
				1025EA102617A517000F628E /* Frameworks */,
				1025EA112617A517000F628E /* Resources */,
			);
			buildRules = (
			);
			dependencies = (
				1025EA152617A517000F628E /* PBXTargetDependency */,
			);
			name = QgeneratorUITests;
			productName = QgeneratorUITests;
			productReference = 1025EA132617A517000F628E /* QgeneratorUITests.xctest */;
			productType = "com.apple.product-type.bundle.ui-testing";
		};
/* End PBXNativeTarget section */

/* Begin PBXProject section */
		1025E9EA2617A516000F628E /* Project object */ = {
			isa = PBXProject;
			attributes = {
				LastSwiftUpdateCheck = 1240;
				LastUpgradeCheck = 1240;
				TargetAttributes = {
					1025E9F12617A516000F628E = {
						CreatedOnToolsVersion = 12.4;
					};
					1025EA072617A517000F628E = {
						CreatedOnToolsVersion = 12.4;
						TestTargetID = 1025E9F12617A516000F628E;
					};
					1025EA122617A517000F628E = {
						CreatedOnToolsVersion = 12.4;
						TestTargetID = 1025E9F12617A516000F628E;
					};
				};
			};
			buildConfigurationList = 1025E9ED2617A516000F628E /* Build configuration list for PBXProject "Qgenerator" */;
			compatibilityVersion = "Xcode 9.3";
			developmentRegion = en;
			hasScannedForEncodings = 0;
			knownRegions = (
				en,
				Base,
			);
			mainGroup = 1025E9E92617A516000F628E;
			productRefGroup = 1025E9F32617A516000F628E /* Products */;
			projectDirPath = "";
			projectRoot = "";
			targets = (
				1025E9F12617A516000F628E /* Qgenerator */,
				1025EA072617A517000F628E /* QgeneratorTests */,
				1025EA122617A517000F628E /* QgeneratorUITests */,
			);
		};
/* End PBXProject section */

/* Begin PBXResourcesBuildPhase section */
		1025E9F02617A516000F628E /* Resources */ = {
			isa = PBXResourcesBuildPhase;
			buildActionMask = 2147483647;
			files = (
				1025EA022617A517000F628E /* LaunchScreen.storyboard in Resources */,
				1025E9FF2617A517000F628E /* Assets.xcassets in Resources */,
				1025E9FD2617A516000F628E /* Main.storyboard in Resources */,
			);
			runOnlyForDeploymentPostprocessing = 0;
		};
		1025EA062617A517000F628E /* Resources */ = {
			isa = PBXResourcesBuildPhase;
			buildActionMask = 2147483647;
			files = (
			);
			runOnlyForDeploymentPostprocessing = 0;
		};
		1025EA112617A517000F628E /* Resources */ = {
			isa = PBXResourcesBuildPhase;
			buildActionMask = 2147483647;
			files = (
			);
			runOnlyForDeploymentPostprocessing = 0;
		};
/* End PBXResourcesBuildPhase section */

/* Begin PBXSourcesBuildPhase section */
		1025E9EE2617A516000F628E /* Sources */ = {
			isa = PBXSourcesBuildPhase;
			buildActionMask = 2147483647;
			files = (
				1025E9FA2617A516000F628E /* ViewController.swift in Sources */,
				1025E9F62617A516000F628E /* AppDelegate.swift in Sources */,
				1025E9F82617A516000F628E /* SceneDelegate.swift in Sources */,
			);
			runOnlyForDeploymentPostprocessing = 0;
		};
		1025EA042617A517000F628E /* Sources */ = {
			isa = PBXSourcesBuildPhase;
			buildActionMask = 2147483647;
			files = (
				1025EA0D2617A517000F628E /* QgeneratorTests.swift in Sources */,
			);
			runOnlyForDeploymentPostprocessing = 0;
		};
		1025EA0F2617A517000F628E /* Sources */ = {
			isa = PBXSourcesBuildPhase;
			buildActionMask = 2147483647;
			files = (
				1025EA182617A517000F628E /* QgeneratorUITests.swift in Sources */,
			);
			runOnlyForDeploymentPostprocessing = 0;
		};
/* End PBXSourcesBuildPhase section */

/* Begin PBXTargetDependency section */
		1025EA0A2617A517000F628E /* PBXTargetDependency */ = {
			isa = PBXTargetDependency;
			target = 1025E9F12617A516000F628E /* Qgenerator */;
			targetProxy = 1025EA092617A517000F628E /* PBXContainerItemProxy */;
		};
		1025EA152617A517000F628E /* PBXTargetDependency */ = {
			isa = PBXTargetDependency;
			target = 1025E9F12617A516000F628E /* Qgenerator */;
			targetProxy = 1025EA142617A517000F628E /* PBXContainerItemProxy */;
		};
/* End PBXTargetDependency section */

/* Begin PBXVariantGroup section */
		1025E9FB2617A516000F628E /* Main.storyboard */ = {
			isa = PBXVariantGroup;
			children = (
				1025E9FC2617A516000F628E /* Base */,
			);
			name = Main.storyboard;
			sourceTree = "<group>";
		};
		1025EA002617A517000F628E /* LaunchScreen.storyboard */ = {
			isa = PBXVariantGroup;
			children = (
				1025EA012617A517000F628E /* Base */,
			);
			name = LaunchScreen.storyboard;
			sourceTree = "<group>";
		};
/* End PBXVariantGroup section */

/* Begin XCBuildConfiguration section */
		1025EA1A2617A517000F628E /* Debug */ = {
			isa = XCBuildConfiguration;
			buildSettings = {
				ALWAYS_SEARCH_USER_PATHS = NO;
				CLANG_ANALYZER_NONNULL = YES;
				CLANG_ANALYZER_NUMBER_OBJECT_CONVERSION = YES_AGGRESSIVE;
				CLANG_CXX_LANGUAGE_STANDARD = "gnu++14";
				CLANG_CXX_LIBRARY = "libc++";
				CLANG_ENABLE_MODULES = YES;
				CLANG_ENABLE_OBJC_ARC = YES;
				CLANG_ENABLE_OBJC_WEAK = YES;
				CLANG_WARN_BLOCK_CAPTURE_AUTORELEASING = YES;
				CLANG_WARN_BOOL_CONVERSION = YES;
				CLANG_WARN_COMMA = YES;
				CLANG_WARN_CONSTANT_CONVERSION = YES;
				CLANG_WARN_DEPRECATED_OBJC_IMPLEMENTATIONS = YES;
				CLANG_WARN_DIRECT_OBJC_ISA_USAGE = YES_ERROR;
				CLANG_WARN_DOCUMENTATION_COMMENTS = YES;
				CLANG_WARN_EMPTY_BODY = YES;
				CLANG_WARN_ENUM_CONVERSION = YES;
				CLANG_WARN_INFINITE_RECURSION = YES;
				CLANG_WARN_INT_CONVERSION = YES;
				CLANG_WARN_NON_LITERAL_NULL_CONVERSION = YES;
				CLANG_WARN_OBJC_IMPLICIT_RETAIN_SELF = YES;
				CLANG_WARN_OBJC_LITERAL_CONVERSION = YES;
				CLANG_WARN_OBJC_ROOT_CLASS = YES_ERROR;
				CLANG_WARN_QUOTED_INCLUDE_IN_FRAMEWORK_HEADER = YES;
				CLANG_WARN_RANGE_LOOP_ANALYSIS = YES;
				CLANG_WARN_STRICT_PROTOTYPES = YES;
				CLANG_WARN_SUSPICIOUS_MOVE = YES;
				CLANG_WARN_UNGUARDED_AVAILABILITY = YES_AGGRESSIVE;
				CLANG_WARN_UNREACHABLE_CODE = YES;
				CLANG_WARN__DUPLICATE_METHOD_MATCH = YES;
				COPY_PHASE_STRIP = NO;
				DEBUG_INFORMATION_FORMAT = dwarf;
				ENABLE_STRICT_OBJC_MSGSEND = YES;
				ENABLE_TESTABILITY = YES;
				GCC_C_LANGUAGE_STANDARD = gnu11;
				GCC_DYNAMIC_NO_PIC = NO;
				GCC_NO_COMMON_BLOCKS = YES;
				GCC_OPTIMIZATION_LEVEL = 0;
				GCC_PREPROCESSOR_DEFINITIONS = (
					"DEBUG=1",
					"$(inherited)",
				);
				GCC_WARN_64_TO_32_BIT_CONVERSION = YES;
				GCC_WARN_ABOUT_RETURN_TYPE = YES_ERROR;
				GCC_WARN_UNDECLARED_SELECTOR = YES;
				GCC_WARN_UNINITIALIZED_AUTOS = YES_AGGRESSIVE;
				GCC_WARN_UNUSED_FUNCTION = YES;
				GCC_WARN_UNUSED_VARIABLE = YES;
				IPHONEOS_DEPLOYMENT_TARGET = 14.4;
				MTL_ENABLE_DEBUG_INFO = INCLUDE_SOURCE;
				MTL_FAST_MATH = YES;
				ONLY_ACTIVE_ARCH = YES;
				SDKROOT = iphoneos;
				SWIFT_ACTIVE_COMPILATION_CONDITIONS = DEBUG;
				SWIFT_OPTIMIZATION_LEVEL = "-Onone";
			};
			name = Debug;
		};
		1025EA1B2617A517000F628E /* Release */ = {
			isa = XCBuildConfiguration;
			buildSettings = {
				ALWAYS_SEARCH_USER_PATHS = NO;
				CLANG_ANALYZER_NONNULL = YES;
				CLANG_ANALYZER_NUMBER_OBJECT_CONVERSION = YES_AGGRESSIVE;
				CLANG_CXX_LANGUAGE_STANDARD = "gnu++14";
				CLANG_CXX_LIBRARY = "libc++";
				CLANG_ENABLE_MODULES = YES;
				CLANG_ENABLE_OBJC_ARC = YES;
				CLANG_ENABLE_OBJC_WEAK = YES;
				CLANG_WARN_BLOCK_CAPTURE_AUTORELEASING = YES;
				CLANG_WARN_BOOL_CONVERSION = YES;
				CLANG_WARN_COMMA = YES;
				CLANG_WARN_CONSTANT_CONVERSION = YES;
				CLANG_WARN_DEPRECATED_OBJC_IMPLEMENTATIONS = YES;
				CLANG_WARN_DIRECT_OBJC_ISA_USAGE = YES_ERROR;
				CLANG_WARN_DOCUMENTATION_COMMENTS = YES;
				CLANG_WARN_EMPTY_BODY = YES;
				CLANG_WARN_ENUM_CONVERSION = YES;
				CLANG_WARN_INFINITE_RECURSION = YES;
				CLANG_WARN_INT_CONVERSION = YES;
				CLANG_WARN_NON_LITERAL_NULL_CONVERSION = YES;
				CLANG_WARN_OBJC_IMPLICIT_RETAIN_SELF = YES;
				CLANG_WARN_OBJC_LITERAL_CONVERSION = YES;
				CLANG_WARN_OBJC_ROOT_CLASS = YES_ERROR;
				CLANG_WARN_QUOTED_INCLUDE_IN_FRAMEWORK_HEADER = YES;
				CLANG_WARN_RANGE_LOOP_ANALYSIS = YES;
				CLANG_WARN_STRICT_PROTOTYPES = YES;
				CLANG_WARN_SUSPICIOUS_MOVE = YES;
				CLANG_WARN_UNGUARDED_AVAILABILITY = YES_AGGRESSIVE;
				CLANG_WARN_UNREACHABLE_CODE = YES;
				CLANG_WARN__DUPLICATE_METHOD_MATCH = YES;
				COPY_PHASE_STRIP = NO;
				DEBUG_INFORMATION_FORMAT = "dwarf-with-dsym";
				ENABLE_NS_ASSERTIONS = NO;
				ENABLE_STRICT_OBJC_MSGSEND = YES;
				GCC_C_LANGUAGE_STANDARD = gnu11;
				GCC_NO_COMMON_BLOCKS = YES;
				GCC_WARN_64_TO_32_BIT_CONVERSION = YES;
				GCC_WARN_ABOUT_RETURN_TYPE = YES_ERROR;
				GCC_WARN_UNDECLARED_SELECTOR = YES;
				GCC_WARN_UNINITIALIZED_AUTOS = YES_AGGRESSIVE;
				GCC_WARN_UNUSED_FUNCTION = YES;
				GCC_WARN_UNUSED_VARIABLE = YES;
				IPHONEOS_DEPLOYMENT_TARGET = 14.4;
				MTL_ENABLE_DEBUG_INFO = NO;
				MTL_FAST_MATH = YES;
				SDKROOT = iphoneos;
				SWIFT_COMPILATION_MODE = wholemodule;
				SWIFT_OPTIMIZATION_LEVEL = "-O";
				VALIDATE_PRODUCT = YES;
			};
			name = Release;
		};
		1025EA1D2617A517000F628E /* Debug */ = {
			isa = XCBuildConfiguration;
			buildSettings = {
				ASSETCATALOG_COMPILER_APPICON_NAME = AppIcon;
				ASSETCATALOG_COMPILER_GLOBAL_ACCENT_COLOR_NAME = AccentColor;
				CODE_SIGN_STYLE = Automatic;
				DEVELOPMENT_TEAM = P88NZ744S2;
				INFOPLIST_FILE = Qgenerator/Info.plist;
				LD_RUNPATH_SEARCH_PATHS = (
					"$(inherited)",
					"@executable_path/Frameworks",
				);
				PRODUCT_BUNDLE_IDENTIFIER = com.IbrahimQaddoumi.Qgenerator;
				PRODUCT_NAME = "$(TARGET_NAME)";
				SWIFT_VERSION = 5.0;
				TARGETED_DEVICE_FAMILY = "1,2";
			};
			name = Debug;
		};
		1025EA1E2617A517000F628E /* Release */ = {
			isa = XCBuildConfiguration;
			buildSettings = {
				ASSETCATALOG_COMPILER_APPICON_NAME = AppIcon;
				ASSETCATALOG_COMPILER_GLOBAL_ACCENT_COLOR_NAME = AccentColor;
				CODE_SIGN_STYLE = Automatic;
				DEVELOPMENT_TEAM = P88NZ744S2;
				INFOPLIST_FILE = Qgenerator/Info.plist;
				LD_RUNPATH_SEARCH_PATHS = (
					"$(inherited)",
					"@executable_path/Frameworks",
				);
				PRODUCT_BUNDLE_IDENTIFIER = com.IbrahimQaddoumi.Qgenerator;
				PRODUCT_NAME = "$(TARGET_NAME)";
				SWIFT_VERSION = 5.0;
				TARGETED_DEVICE_FAMILY = "1,2";
			};
			name = Release;
		};
		1025EA202617A517000F628E /* Debug */ = {
			isa = XCBuildConfiguration;
			buildSettings = {
				ALWAYS_EMBED_SWIFT_STANDARD_LIBRARIES = YES;
				BUNDLE_LOADER = "$(TEST_HOST)";
				CODE_SIGN_STYLE = Automatic;
				INFOPLIST_FILE = QgeneratorTests/Info.plist;
				IPHONEOS_DEPLOYMENT_TARGET = 14.4;
				LD_RUNPATH_SEARCH_PATHS = (
					"$(inherited)",
					"@executable_path/Frameworks",
					"@loader_path/Frameworks",
				);
				PRODUCT_BUNDLE_IDENTIFIER = com.IbrahimQaddoumi.QgeneratorTests;
				PRODUCT_NAME = "$(TARGET_NAME)";
				SWIFT_VERSION = 5.0;
				TARGETED_DEVICE_FAMILY = "1,2";
				TEST_HOST = "$(BUILT_PRODUCTS_DIR)/Qgenerator.app/Qgenerator";
			};
			name = Debug;
		};
		1025EA212617A517000F628E /* Release */ = {
			isa = XCBuildConfiguration;
			buildSettings = {
				ALWAYS_EMBED_SWIFT_STANDARD_LIBRARIES = YES;
				BUNDLE_LOADER = "$(TEST_HOST)";
				CODE_SIGN_STYLE = Automatic;
				INFOPLIST_FILE = QgeneratorTests/Info.plist;
				IPHONEOS_DEPLOYMENT_TARGET = 14.4;
				LD_RUNPATH_SEARCH_PATHS = (
					"$(inherited)",
					"@executable_path/Frameworks",
					"@loader_path/Frameworks",
				);
				PRODUCT_BUNDLE_IDENTIFIER = com.IbrahimQaddoumi.QgeneratorTests;
				PRODUCT_NAME = "$(TARGET_NAME)";
				SWIFT_VERSION = 5.0;
				TARGETED_DEVICE_FAMILY = "1,2";
				TEST_HOST = "$(BUILT_PRODUCTS_DIR)/Qgenerator.app/Qgenerator";
			};
			name = Release;
		};
		1025EA232617A517000F628E /* Debug */ = {
			isa = XCBuildConfiguration;
			buildSettings = {
				ALWAYS_EMBED_SWIFT_STANDARD_LIBRARIES = YES;
				CODE_SIGN_STYLE = Automatic;
				INFOPLIST_FILE = QgeneratorUITests/Info.plist;
				LD_RUNPATH_SEARCH_PATHS = (
					"$(inherited)",
					"@executable_path/Frameworks",
					"@loader_path/Frameworks",
				);
				PRODUCT_BUNDLE_IDENTIFIER = com.IbrahimQaddoumi.QgeneratorUITests;
				PRODUCT_NAME = "$(TARGET_NAME)";
				SWIFT_VERSION = 5.0;
				TARGETED_DEVICE_FAMILY = "1,2";
				TEST_TARGET_NAME = Qgenerator;
			};
			name = Debug;
		};
		1025EA242617A517000F628E /* Release */ = {
			isa = XCBuildConfiguration;
			buildSettings = {
				ALWAYS_EMBED_SWIFT_STANDARD_LIBRARIES = YES;
				CODE_SIGN_STYLE = Automatic;
				INFOPLIST_FILE = QgeneratorUITests/Info.plist;
				LD_RUNPATH_SEARCH_PATHS = (
					"$(inherited)",
					"@executable_path/Frameworks",
					"@loader_path/Frameworks",
				);
				PRODUCT_BUNDLE_IDENTIFIER = com.IbrahimQaddoumi.QgeneratorUITests;
				PRODUCT_NAME = "$(TARGET_NAME)";
				SWIFT_VERSION = 5.0;
				TARGETED_DEVICE_FAMILY = "1,2";
				TEST_TARGET_NAME = Qgenerator;
			};
			name = Release;
		};
/* End XCBuildConfiguration section */

/* Begin XCConfigurationList section */
		1025E9ED2617A516000F628E /* Build configuration list for PBXProject "Qgenerator" */ = {
			isa = XCConfigurationList;
			buildConfigurations = (
				1025EA1A2617A517000F628E /* Debug */,
				1025EA1B2617A517000F628E /* Release */,
			);
			defaultConfigurationIsVisible = 0;
			defaultConfigurationName = Release;
		};
		1025EA1C2617A517000F628E /* Build configuration list for PBXNativeTarget "Qgenerator" */ = {
			isa = XCConfigurationList;
			buildConfigurations = (
				1025EA1D2617A517000F628E /* Debug */,
				1025EA1E2617A517000F628E /* Release */,
			);
			defaultConfigurationIsVisible = 0;
			defaultConfigurationName = Release;
		};
		1025EA1F2617A517000F628E /* Build configuration list for PBXNativeTarget "QgeneratorTests" */ = {
			isa = XCConfigurationList;
			buildConfigurations = (
				1025EA202617A517000F628E /* Debug */,
				1025EA212617A517000F628E /* Release */,
			);
			defaultConfigurationIsVisible = 0;
			defaultConfigurationName = Release;
		};
		1025EA222617A517000F628E /* Build configuration list for PBXNativeTarget "QgeneratorUITests" */ = {
			isa = XCConfigurationList;
			buildConfigurations = (
				1025EA232617A517000F628E /* Debug */,
				1025EA242617A517000F628E /* Release */,
			);
			defaultConfigurationIsVisible = 0;
			defaultConfigurationName = Release;
		};
/* End XCConfigurationList section */
	};
	rootObject = 1025E9EA2617A516000F628E /* Project object */;
}
